// !$*UTF8*$!
{
	archiveVersion = 1;
	classes = {
	};
	objectVersion = 50;
	objects = {

/* Begin PBXBuildFile section */
		1F1F16C5240045A300D5E11E /* ListenViewController.swift in Sources */ = {isa = PBXBuildFile; fileRef = 1F1F16C4240045A300D5E11E /* ListenViewController.swift */; };
		1F7E1C6122FE183600D1FC57 /* AppDelegate.swift in Sources */ = {isa = PBXBuildFile; fileRef = 1F7E1C6022FE183600D1FC57 /* AppDelegate.swift */; };
		1F7E1C6322FE183600D1FC57 /* SceneDelegate.swift in Sources */ = {isa = PBXBuildFile; fileRef = 1F7E1C6222FE183600D1FC57 /* SceneDelegate.swift */; };
		1F7E1C6522FE183600D1FC57 /* ViewController.swift in Sources */ = {isa = PBXBuildFile; fileRef = 1F7E1C6422FE183600D1FC57 /* ViewController.swift */; };
		1F7E1C6822FE183600D1FC57 /* Main.storyboard in Resources */ = {isa = PBXBuildFile; fileRef = 1F7E1C6622FE183600D1FC57 /* Main.storyboard */; };
		1F7E1C6A22FE183700D1FC57 /* Assets.xcassets in Resources */ = {isa = PBXBuildFile; fileRef = 1F7E1C6922FE183700D1FC57 /* Assets.xcassets */; };
		1F7E1C6D22FE183700D1FC57 /* LaunchScreen.storyboard in Resources */ = {isa = PBXBuildFile; fileRef = 1F7E1C6B22FE183700D1FC57 /* LaunchScreen.storyboard */; };
		1FEF1CCC240030020067850A /* BroadcastViewController.swift in Sources */ = {isa = PBXBuildFile; fileRef = 1FEF1CCB240030020067850A /* BroadcastViewController.swift */; };
/* End PBXBuildFile section */

/* Begin PBXFileReference section */
		1F1F16C4240045A300D5E11E /* ListenViewController.swift */ = {isa = PBXFileReference; lastKnownFileType = sourcecode.swift; path = ListenViewController.swift; sourceTree = "<group>"; };
		1F7E1C5D22FE183600D1FC57 /* chatChat.app */ = {isa = PBXFileReference; explicitFileType = wrapper.application; includeInIndex = 0; path = chatChat.app; sourceTree = BUILT_PRODUCTS_DIR; };
		1F7E1C6022FE183600D1FC57 /* AppDelegate.swift */ = {isa = PBXFileReference; lastKnownFileType = sourcecode.swift; path = AppDelegate.swift; sourceTree = "<group>"; };
		1F7E1C6222FE183600D1FC57 /* SceneDelegate.swift */ = {isa = PBXFileReference; lastKnownFileType = sourcecode.swift; path = SceneDelegate.swift; sourceTree = "<group>"; };
		1F7E1C6422FE183600D1FC57 /* ViewController.swift */ = {isa = PBXFileReference; lastKnownFileType = sourcecode.swift; path = ViewController.swift; sourceTree = "<group>"; };
		1F7E1C6722FE183600D1FC57 /* Base */ = {isa = PBXFileReference; lastKnownFileType = file.storyboard; name = Base; path = Base.lproj/Main.storyboard; sourceTree = "<group>"; };
		1F7E1C6922FE183700D1FC57 /* Assets.xcassets */ = {isa = PBXFileReference; lastKnownFileType = folder.assetcatalog; path = Assets.xcassets; sourceTree = "<group>"; };
		1F7E1C6C22FE183700D1FC57 /* Base */ = {isa = PBXFileReference; lastKnownFileType = file.storyboard; name = Base; path = Base.lproj/LaunchScreen.storyboard; sourceTree = "<group>"; };
		1F7E1C6E22FE183700D1FC57 /* Info.plist */ = {isa = PBXFileReference; lastKnownFileType = text.plist.xml; path = Info.plist; sourceTree = "<group>"; };
		1FEF1CCB240030020067850A /* BroadcastViewController.swift */ = {isa = PBXFileReference; lastKnownFileType = sourcecode.swift; path = BroadcastViewController.swift; sourceTree = "<group>"; };
/* End PBXFileReference section */

/* Begin PBXFrameworksBuildPhase section */
		1F7E1C5A22FE183600D1FC57 /* Frameworks */ = {
			isa = PBXFrameworksBuildPhase;
			buildActionMask = 2147483647;
			files = (
			);
			runOnlyForDeploymentPostprocessing = 0;
		};
/* End PBXFrameworksBuildPhase section */

/* Begin PBXGroup section */
		1F1F16C32400457E00D5E11E /* Listen Controllers */ = {
			isa = PBXGroup;
			children = (
				1F1F16C4240045A300D5E11E /* ListenViewController.swift */,
			);
			path = "Listen Controllers";
			sourceTree = "<group>";
		};
		1F2736E1240AEBB900D5F221 /* Views */ = {
			isa = PBXGroup;
			children = (
				1F7E1C6622FE183600D1FC57 /* Main.storyboard */,
			);
			path = Views;
			sourceTree = "<group>";
		};
		1F7E1C5422FE183600D1FC57 = {
			isa = PBXGroup;
			children = (
				1F7E1C5F22FE183600D1FC57 /* chatChat */,
				1F7E1C5E22FE183600D1FC57 /* Products */,
			);
			sourceTree = "<group>";
		};
		1F7E1C5E22FE183600D1FC57 /* Products */ = {
			isa = PBXGroup;
			children = (
				1F7E1C5D22FE183600D1FC57 /* chatChat.app */,
			);
			name = Products;
			sourceTree = "<group>";
		};
		1F7E1C5F22FE183600D1FC57 /* chatChat */ = {
			isa = PBXGroup;
			children = (
				1F7E1C6022FE183600D1FC57 /* AppDelegate.swift */,
				1F7E1C6222FE183600D1FC57 /* SceneDelegate.swift */,
				1F2736E1240AEBB900D5F221 /* Views */,
				1F1F16C32400457E00D5E11E /* Listen Controllers */,
				1FEF1CCA24002FEC0067850A /* Broadcast Controllers */,
				1FEF1CC924002FCF0067850A /* Read Controllers */,
				1F7E1C6922FE183700D1FC57 /* Assets.xcassets */,
				1F7E1C6B22FE183700D1FC57 /* LaunchScreen.storyboard */,
				1F7E1C6E22FE183700D1FC57 /* Info.plist */,
			);
			path = chatChat;
			sourceTree = "<group>";
		};
		1FEF1CC924002FCF0067850A /* Read Controllers */ = {
			isa = PBXGroup;
			children = (
				1F7E1C6422FE183600D1FC57 /* ViewController.swift */,
			);
			path = "Read Controllers";
			sourceTree = "<group>";
		};
		1FEF1CCA24002FEC0067850A /* Broadcast Controllers */ = {
			isa = PBXGroup;
			children = (
				1FEF1CCB240030020067850A /* BroadcastViewController.swift */,
			);
			path = "Broadcast Controllers";
			sourceTree = "<group>";
		};
/* End PBXGroup section */

/* Begin PBXNativeTarget section */
		1F7E1C5C22FE183600D1FC57 /* chatChat */ = {
			isa = PBXNativeTarget;
			buildConfigurationList = 1F7E1C7122FE183700D1FC57 /* Build configuration list for PBXNativeTarget "chatChat" */;
			buildPhases = (
				1F7E1C5922FE183600D1FC57 /* Sources */,
				1F7E1C5A22FE183600D1FC57 /* Frameworks */,
				1F7E1C5B22FE183600D1FC57 /* Resources */,
			);
			buildRules = (
			);
			dependencies = (
			);
			name = chatChat;
			productName = chatChat;
			productReference = 1F7E1C5D22FE183600D1FC57 /* chatChat.app */;
			productType = "com.apple.product-type.application";
		};
/* End PBXNativeTarget section */

/* Begin PBXProject section */
		1F7E1C5522FE183600D1FC57 /* Project object */ = {
			isa = PBXProject;
			attributes = {
				LastSwiftUpdateCheck = 1100;
				LastUpgradeCheck = 1100;
				ORGANIZATIONNAME = arin;
				TargetAttributes = {
					1F7E1C5C22FE183600D1FC57 = {
						CreatedOnToolsVersion = 11.0;
					};
				};
			};
			buildConfigurationList = 1F7E1C5822FE183600D1FC57 /* Build configuration list for PBXProject "chatChat" */;
			compatibilityVersion = "Xcode 9.3";
			developmentRegion = en;
			hasScannedForEncodings = 0;
			knownRegions = (
				en,
				Base,
			);
			mainGroup = 1F7E1C5422FE183600D1FC57;
			productRefGroup = 1F7E1C5E22FE183600D1FC57 /* Products */;
			projectDirPath = "";
			projectRoot = "";
			targets = (
				1F7E1C5C22FE183600D1FC57 /* chatChat */,
			);
		};
/* End PBXProject section */

/* Begin PBXResourcesBuildPhase section */
		1F7E1C5B22FE183600D1FC57 /* Resources */ = {
			isa = PBXResourcesBuildPhase;
			buildActionMask = 2147483647;
			files = (
				1F7E1C6D22FE183700D1FC57 /* LaunchScreen.storyboard in Resources */,
				1F7E1C6A22FE183700D1FC57 /* Assets.xcassets in Resources */,
				1F7E1C6822FE183600D1FC57 /* Main.storyboard in Resources */,
			);
			runOnlyForDeploymentPostprocessing = 0;
		};
/* End PBXResourcesBuildPhase section */

/* Begin PBXSourcesBuildPhase section */
		1F7E1C5922FE183600D1FC57 /* Sources */ = {
			isa = PBXSourcesBuildPhase;
			buildActionMask = 2147483647;
			files = (
				1F7E1C6522FE183600D1FC57 /* ViewController.swift in Sources */,
				1F7E1C6122FE183600D1FC57 /* AppDelegate.swift in Sources */,
				1FEF1CCC240030020067850A /* BroadcastViewController.swift in Sources */,
				1F1F16C5240045A300D5E11E /* ListenViewController.swift in Sources */,
				1F7E1C6322FE183600D1FC57 /* SceneDelegate.swift in Sources */,
			);
			runOnlyForDeploymentPostprocessing = 0;
		};
/* End PBXSourcesBuildPhase section */

/* Begin PBXVariantGroup section */
		1F7E1C6622FE183600D1FC57 /* Main.storyboard */ = {
			isa = PBXVariantGroup;
			children = (
				1F7E1C6722FE183600D1FC57 /* Base */,
			);
			name = Main.storyboard;
			sourceTree = "<group>";
		};
		1F7E1C6B22FE183700D1FC57 /* LaunchScreen.storyboard */ = {
			isa = PBXVariantGroup;
			children = (
				1F7E1C6C22FE183700D1FC57 /* Base */,
			);
			name = LaunchScreen.storyboard;
			sourceTree = "<group>";
		};
/* End PBXVariantGroup section */

/* Begin XCBuildConfiguration section */
		1F7E1C6F22FE183700D1FC57 /* Debug */ = {
			isa = XCBuildConfiguration;
			buildSettings = {
				ALWAYS_SEARCH_USER_PATHS = NO;
				CLANG_ANALYZER_NONNULL = YES;
				CLANG_ANALYZER_NUMBER_OBJECT_CONVERSION = YES_AGGRESSIVE;
				CLANG_CXX_LANGUAGE_STANDARD = "gnu++14";
				CLANG_CXX_LIBRARY = "libc++";
				CLANG_ENABLE_MODULES = YES;
				CLANG_ENABLE_OBJC_ARC = YES;
				CLANG_ENABLE_OBJC_WEAK = YES;
				CLANG_WARN_BLOCK_CAPTURE_AUTORELEASING = YES;
				CLANG_WARN_BOOL_CONVERSION = YES;
				CLANG_WARN_COMMA = YES;
				CLANG_WARN_CONSTANT_CONVERSION = YES;
				CLANG_WARN_DEPRECATED_OBJC_IMPLEMENTATIONS = YES;
				CLANG_WARN_DIRECT_OBJC_ISA_USAGE = YES_ERROR;
				CLANG_WARN_DOCUMENTATION_COMMENTS = YES;
				CLANG_WARN_EMPTY_BODY = YES;
				CLANG_WARN_ENUM_CONVERSION = YES;
				CLANG_WARN_INFINITE_RECURSION = YES;
				CLANG_WARN_INT_CONVERSION = YES;
				CLANG_WARN_NON_LITERAL_NULL_CONVERSION = YES;
				CLANG_WARN_OBJC_IMPLICIT_RETAIN_SELF = YES;
				CLANG_WARN_OBJC_LITERAL_CONVERSION = YES;
				CLANG_WARN_OBJC_ROOT_CLASS = YES_ERROR;
				CLANG_WARN_RANGE_LOOP_ANALYSIS = YES;
				CLANG_WARN_STRICT_PROTOTYPES = YES;
				CLANG_WARN_SUSPICIOUS_MOVE = YES;
				CLANG_WARN_UNGUARDED_AVAILABILITY = YES_AGGRESSIVE;
				CLANG_WARN_UNREACHABLE_CODE = YES;
				CLANG_WARN__DUPLICATE_METHOD_MATCH = YES;
				COPY_PHASE_STRIP = NO;
				DEBUG_INFORMATION_FORMAT = dwarf;
				ENABLE_STRICT_OBJC_MSGSEND = YES;
				ENABLE_TESTABILITY = YES;
				GCC_C_LANGUAGE_STANDARD = gnu11;
				GCC_DYNAMIC_NO_PIC = NO;
				GCC_NO_COMMON_BLOCKS = YES;
				GCC_OPTIMIZATION_LEVEL = 0;
				GCC_PREPROCESSOR_DEFINITIONS = (
					"DEBUG=1",
					"$(inherited)",
				);
				GCC_WARN_64_TO_32_BIT_CONVERSION = YES;
				GCC_WARN_ABOUT_RETURN_TYPE = YES_ERROR;
				GCC_WARN_UNDECLARED_SELECTOR = YES;
				GCC_WARN_UNINITIALIZED_AUTOS = YES_AGGRESSIVE;
				GCC_WARN_UNUSED_FUNCTION = YES;
				GCC_WARN_UNUSED_VARIABLE = YES;
				IPHONEOS_DEPLOYMENT_TARGET = 13.0;
				MTL_ENABLE_DEBUG_INFO = INCLUDE_SOURCE;
				MTL_FAST_MATH = YES;
				ONLY_ACTIVE_ARCH = YES;
				SDKROOT = iphoneos;
				SWIFT_ACTIVE_COMPILATION_CONDITIONS = DEBUG;
				SWIFT_OPTIMIZATION_LEVEL = "-Onone";
			};
			name = Debug;
		};
		1F7E1C7022FE183700D1FC57 /* Release */ = {
			isa = XCBuildConfiguration;
			buildSettings = {
				ALWAYS_SEARCH_USER_PATHS = NO;
				CLANG_ANALYZER_NONNULL = YES;
				CLANG_ANALYZER_NUMBER_OBJECT_CONVERSION = YES_AGGRESSIVE;
				CLANG_CXX_LANGUAGE_STANDARD = "gnu++14";
				CLANG_CXX_LIBRARY = "libc++";
				CLANG_ENABLE_MODULES = YES;
				CLANG_ENABLE_OBJC_ARC = YES;
				CLANG_ENABLE_OBJC_WEAK = YES;
				CLANG_WARN_BLOCK_CAPTURE_AUTORELEASING = YES;
				CLANG_WARN_BOOL_CONVERSION = YES;
				CLANG_WARN_COMMA = YES;
				CLANG_WARN_CONSTANT_CONVERSION = YES;
				CLANG_WARN_DEPRECATED_OBJC_IMPLEMENTATIONS = YES;
				CLANG_WARN_DIRECT_OBJC_ISA_USAGE = YES_ERROR;
				CLANG_WARN_DOCUMENTATION_COMMENTS = YES;
				CLANG_WARN_EMPTY_BODY = YES;
				CLANG_WARN_ENUM_CONVERSION = YES;
				CLANG_WARN_INFINITE_RECURSION = YES;
				CLANG_WARN_INT_CONVERSION = YES;
				CLANG_WARN_NON_LITERAL_NULL_CONVERSION = YES;
				CLANG_WARN_OBJC_IMPLICIT_RETAIN_SELF = YES;
				CLANG_WARN_OBJC_LITERAL_CONVERSION = YES;
				CLANG_WARN_OBJC_ROOT_CLASS = YES_ERROR;
				CLANG_WARN_RANGE_LOOP_ANALYSIS = YES;
				CLANG_WARN_STRICT_PROTOTYPES = YES;
				CLANG_WARN_SUSPICIOUS_MOVE = YES;
				CLANG_WARN_UNGUARDED_AVAILABILITY = YES_AGGRESSIVE;
				CLANG_WARN_UNREACHABLE_CODE = YES;
				CLANG_WARN__DUPLICATE_METHOD_MATCH = YES;
				COPY_PHASE_STRIP = NO;
				DEBUG_INFORMATION_FORMAT = "dwarf-with-dsym";
				ENABLE_NS_ASSERTIONS = NO;
				ENABLE_STRICT_OBJC_MSGSEND = YES;
				GCC_C_LANGUAGE_STANDARD = gnu11;
				GCC_NO_COMMON_BLOCKS = YES;
				GCC_WARN_64_TO_32_BIT_CONVERSION = YES;
				GCC_WARN_ABOUT_RETURN_TYPE = YES_ERROR;
				GCC_WARN_UNDECLARED_SELECTOR = YES;
				GCC_WARN_UNINITIALIZED_AUTOS = YES_AGGRESSIVE;
				GCC_WARN_UNUSED_FUNCTION = YES;
				GCC_WARN_UNUSED_VARIABLE = YES;
				IPHONEOS_DEPLOYMENT_TARGET = 13.0;
				MTL_ENABLE_DEBUG_INFO = NO;
				MTL_FAST_MATH = YES;
				SDKROOT = iphoneos;
				SWIFT_COMPILATION_MODE = wholemodule;
				SWIFT_OPTIMIZATION_LEVEL = "-O";
				VALIDATE_PRODUCT = YES;
			};
			name = Release;
		};
		1F7E1C7222FE183700D1FC57 /* Debug */ = {
			isa = XCBuildConfiguration;
			buildSettings = {
				ASSETCATALOG_COMPILER_APPICON_NAME = AppIcon;
				CODE_SIGN_STYLE = Automatic;
				DEVELOPMENT_TEAM = PCKD479686;
				INFOPLIST_FILE = chatChat/Info.plist;
				LD_RUNPATH_SEARCH_PATHS = (
					"$(inherited)",
					"@executable_path/Frameworks",
				);
				PRODUCT_BUNDLE_IDENTIFIER = com.arin.chatChat;
				PRODUCT_NAME = "$(TARGET_NAME)";
				SWIFT_VERSION = 5.0;
				TARGETED_DEVICE_FAMILY = 1;
			};
			name = Debug;
		};
		1F7E1C7322FE183700D1FC57 /* Release */ = {
			isa = XCBuildConfiguration;
			buildSettings = {
				ASSETCATALOG_COMPILER_APPICON_NAME = AppIcon;
				CODE_SIGN_STYLE = Automatic;
				DEVELOPMENT_TEAM = PCKD479686;
				INFOPLIST_FILE = chatChat/Info.plist;
				LD_RUNPATH_SEARCH_PATHS = (
					"$(inherited)",
					"@executable_path/Frameworks",
				);
				PRODUCT_BUNDLE_IDENTIFIER = com.arin.chatChat;
				PRODUCT_NAME = "$(TARGET_NAME)";
				SWIFT_VERSION = 5.0;
				TARGETED_DEVICE_FAMILY = 1;
			};
			name = Release;
		};
/* End XCBuildConfiguration section */

/* Begin XCConfigurationList section */
		1F7E1C5822FE183600D1FC57 /* Build configuration list for PBXProject "chatChat" */ = {
			isa = XCConfigurationList;
			buildConfigurations = (
				1F7E1C6F22FE183700D1FC57 /* Debug */,
				1F7E1C7022FE183700D1FC57 /* Release */,
			);
			defaultConfigurationIsVisible = 0;
			defaultConfigurationName = Release;
		};
		1F7E1C7122FE183700D1FC57 /* Build configuration list for PBXNativeTarget "chatChat" */ = {
			isa = XCConfigurationList;
			buildConfigurations = (
				1F7E1C7222FE183700D1FC57 /* Debug */,
				1F7E1C7322FE183700D1FC57 /* Release */,
			);
			defaultConfigurationIsVisible = 0;
			defaultConfigurationName = Release;
		};
/* End XCConfigurationList section */
	};
	rootObject = 1F7E1C5522FE183600D1FC57 /* Project object */;
}
